{
  "lockfile_version": "1",
  "packages": {
    "github:NixOS/nixpkgs/nixpkgs-unstable": {
      "last_modified": "2025-08-05T11:35:34Z",
      "resolved": "github:NixOS/nixpkgs/a683adc19ff5228af548c6539dbc3440509bfed3?lastModified=1754393734&narHash=sha256-fbnmAwTQkuXHKBlcL5Nq1sMAzd3GFqCOQgEQw6Hy0Ak%3D"
    },
    "google-cloud-sdk@latest": {
      "last_modified": "2025-07-19T04:40:28Z",
      "resolved": "github:NixOS/nixpkgs/6b4955211758ba47fac850c040a27f23b9b4008f#google-cloud-sdk",
      "source": "devbox-search",
      "version": "529.0.0",
      "systems": {
        "aarch64-darwin": {
          "outputs": [
            {
              "name": "out",
              "path": "/nix/store/2wx4x00sf5dzh1jbs8rr9v0rdr72k4x2-google-cloud-sdk-529.0.0",
              "default": true
            }
          ],
          "store_path": "/nix/store/2wx4x00sf5dzh1jbs8rr9v0rdr72k4x2-google-cloud-sdk-529.0.0"
        },
        "aarch64-linux": {
          "outputs": [
            {
              "name": "out",
              "path": "/nix/store/0qq1pdwdx9snfvx53s9j955gh05y25aa-google-cloud-sdk-529.0.0",
              "default": true
            }
          ],
          "store_path": "/nix/store/0qq1pdwdx9snfvx53s9j955gh05y25aa-google-cloud-sdk-529.0.0"
        },
        "x86_64-darwin": {
          "outputs": [
            {
              "name": "out",
              "path": "/nix/store/m4mzny7whg6fniyvp4kjygy0yiwnrcs0-google-cloud-sdk-529.0.0",
              "default": true
            }
          ],
          "store_path": "/nix/store/m4mzny7whg6fniyvp4kjygy0yiwnrcs0-google-cloud-sdk-529.0.0"
        },
        "x86_64-linux": {
          "outputs": [
            {
              "name": "out",
              "path": "/nix/store/819h0q7d7972xh5gln4cmbba6bk84sbk-google-cloud-sdk-529.0.0",
              "default": true
            }
          ],
          "store_path": "/nix/store/819h0q7d7972xh5gln4cmbba6bk84sbk-google-cloud-sdk-529.0.0"
        }
      }
    },
    "jdk21@latest": {
      "last_modified": "2024-06-12T20:55:33Z",
      "resolved": "github:NixOS/nixpkgs/a9858885e197f984d92d7fe64e9fff6b2e488d40#jdk",
      "source": "devbox-search",
      "version": "21+35",
      "systems": {
        "aarch64-linux": {
          "outputs": [
            {
              "name": "out",
              "path": "/nix/store/f7risq9mlz4gywxr65v46h4mv1a4a0s3-openjdk-21+35",
              "default": true
            },
            {
              "name": "debug",
              "path": "/nix/store/lgljxsffciqlijp38iklrh1ki5vi0y4f-openjdk-21+35-debug"
            }
          ],
          "store_path": "/nix/store/f7risq9mlz4gywxr65v46h4mv1a4a0s3-openjdk-21+35"
        },
        "x86_64-linux": {
          "outputs": [
            {
              "name": "out",
              "path": "/nix/store/bk3x3ia7gxqic1jgr3dz05gwi8zw671y-openjdk-21+35",
              "default": true
            },
            {
              "name": "debug",
              "path": "/nix/store/2h6zm6qy04amw9mvir8n5fifn99dzg16-openjdk-21+35-debug"
            }
          ],
          "store_path": "/nix/store/bk3x3ia7gxqic1jgr3dz05gwi8zw671y-openjdk-21+35"
        }
      }
    },
    "maven@latest": {
      "last_modified": "2025-01-19T08:16:51Z",
      "resolved": "github:NixOS/nixpkgs/50165c4f7eb48ce82bd063e1fb8047a0f515f8ce#maven",
      "source": "devbox-search",
      "version": "3.9.9",
      "systems": {
        "aarch64-darwin": {
          "outputs": [
            {
              "name": "out",
              "path": "/nix/store/10lcy7avwkxg2zc43ql1l0l2anrd73cw-maven-3.9.9",
              "default": true
            }
          ],
          "store_path": "/nix/store/10lcy7avwkxg2zc43ql1l0l2anrd73cw-maven-3.9.9"
        },
        "aarch64-linux": {
          "outputs": [
            {
              "name": "out",
              "path": "/nix/store/krm05c4zw3v3jqxzncx7q0r6l2q4x1j0-maven-3.9.9",
              "default": true
            }
          ],
          "store_path": "/nix/store/krm05c4zw3v3jqxzncx7q0r6l2q4x1j0-maven-3.9.9"
        },
        "x86_64-darwin": {
          "outputs": [
            {
              "name": "out",
              "path": "/nix/store/frdcg7rf1ps9wvd31591n5i2gja4r14p-maven-3.9.9",
              "default": true
            }
          ],
          "store_path": "/nix/store/frdcg7rf1ps9wvd31591n5i2gja4r14p-maven-3.9.9"
        },
        "x86_64-linux": {
          "outputs": [
            {
              "name": "out",
              "path": "/nix/store/zidqb732mgnhfw1iw5diqrf8ka4spm28-maven-3.9.9",
              "default": true
            }
          ],
          "store_path": "/nix/store/zidqb732mgnhfw1iw5diqrf8ka4spm28-maven-3.9.9"
        }
      }
    },
    "podman@latest": {
      "last_modified": "2025-08-04T20:54:38Z",
      "resolved": "github:NixOS/nixpkgs/cab778239e705082fe97bb4990e0d24c50924c04#podman",
      "source": "devbox-search",
      "version": "5.5.2",
      "systems": {
        "aarch64-darwin": {
          "outputs": [
            {
              "name": "out",
              "path": "/nix/store/d4qsjh71z5imdjn4fkixfq040i0l56bz-podman-5.5.2",
              "default": true
            },
            {
              "name": "man",
              "path": "/nix/store/lzqbp5rjw8zldnwy7zzzp6z5lffilsmh-podman-5.5.2-man",
              "default": true
            }
          ],
          "store_path": "/nix/store/d4qsjh71z5imdjn4fkixfq040i0l56bz-podman-5.5.2"
        },
        "aarch64-linux": {
          "outputs": [
            {
              "name": "out",
              "path": "/nix/store/rq6rlyb9ihran9jqsadq6rgv5vc5ri1h-podman-5.5.2",
              "default": true
            },
            {
              "name": "man",
              "path": "/nix/store/b81md27ig417wpqmgpj6a6lzb3vcd0b6-podman-5.5.2-man",
              "default": true
            }
          ],
          "store_path": "/nix/store/rq6rlyb9ihran9jqsadq6rgv5vc5ri1h-podman-5.5.2"
        },
        "x86_64-darwin": {
          "outputs": [
            {
              "name": "out",
              "path": "/nix/store/in7kybnm92wgpkz9vrdpwq6a4z2vzcqb-podman-5.5.2",
              "default": true
            },
            {
              "name": "man",
              "path": "/nix/store/gw2ia71qbhxnjf5xw2qa66kih03k0543-podman-5.5.2-man",
              "default": true
            }
          ],
          "store_path": "/nix/store/in7kybnm92wgpkz9vrdpwq6a4z2vzcqb-podman-5.5.2"
        },
        "x86_64-linux": {
          "outputs": [
            {
              "name": "out",
              "path": "/nix/store/la6fdv93ng406rl4rkc372f0l7qbx51p-podman-5.5.2",
              "default": true
            },
            {
              "name": "man",
              "path": "/nix/store/3w7yy7xg9lzirnnk30dahcblfnxr4ldx-podman-5.5.2-man",
              "default": true
            }
          ],
          "store_path": "/nix/store/la6fdv93ng406rl4rkc372f0l7qbx51p-podman-5.5.2"
        }
      }
    },
    "quarkus@latest": {
      "last_modified": "2025-01-24T01:56:22Z",
      "resolved": "github:NixOS/nixpkgs/4dfc61e9cd0c26b3bc3e6d6fac3ba10d18959fc4#quarkus",
      "source": "devbox-search",
      "version": "3.17.7",
      "systems": {
        "aarch64-darwin": {
          "outputs": [
            {
              "name": "out",
              "path": "/nix/store/ldv64vkp9vld3inpxk487brzx3f3mnkh-quarkus-cli-3.17.7",
              "default": true
            }
          ],
          "store_path": "/nix/store/ldv64vkp9vld3inpxk487brzx3f3mnkh-quarkus-cli-3.17.7"
        },
        "aarch64-linux": {
          "outputs": [
            {
              "name": "out",
              "path": "/nix/store/j559aann5k3ar315xwsw3vmamdzlpbq4-quarkus-cli-3.17.7",
              "default": true
            }
          ],
          "store_path": "/nix/store/j559aann5k3ar315xwsw3vmamdzlpbq4-quarkus-cli-3.17.7"
        },
        "x86_64-darwin": {
          "outputs": [
            {
              "name": "out",
              "path": "/nix/store/2isjms0pmg2byl8m3hx9xhsvr9p1lxcb-quarkus-cli-3.17.7",
              "default": true
            }
          ],
          "store_path": "/nix/store/2isjms0pmg2byl8m3hx9xhsvr9p1lxcb-quarkus-cli-3.17.7"
        },
        "x86_64-linux": {
          "outputs": [
            {
              "name": "out",
              "path": "/nix/store/ys26s3n95a4yvayrsvj9nv48940z4fhy-quarkus-cli-3.17.7",
              "default": true
            }
          ],
          "store_path": "/nix/store/ys26s3n95a4yvayrsvj9nv48940z4fhy-quarkus-cli-3.17.7"
        }
      }
    }
  }
}
