{
  "lockfile_version": "1",
  "packages": {
    "bruno-cli@latest": {
      "last_modified": "2026-01-23T17:20:52Z",
      "resolved": "github:NixOS/nixpkgs/a1bab9e494f5f4939442a57a58d0449a109593fe#bruno-cli",
      "source": "devbox-search",
      "version": "3.0.2",
      "systems": {
        "aarch64-darwin": {
          "outputs": [
            {
              "name": "out",
              "path": "/nix/store/5yh986h7c66qssma4i7i38xbsh725zlg-bruno-cli-3.0.2",
              "default": true
            }
          ],
          "store_path": "/nix/store/5yh986h7c66qssma4i7i38xbsh725zlg-bruno-cli-3.0.2"
        },
        "aarch64-linux": {
          "outputs": [
            {
              "name": "out",
              "path": "/nix/store/5sfmhkj0fxvy7ym8ls76663g8jp3gc8y-bruno-cli-3.0.2",
              "default": true
            }
          ],
          "store_path": "/nix/store/5sfmhkj0fxvy7ym8ls76663g8jp3gc8y-bruno-cli-3.0.2"
        },
        "x86_64-darwin": {
          "outputs": [
            {
              "name": "out",
              "path": "/nix/store/m0i011xhj6bs24vc011rvkk6453yn695-bruno-cli-3.0.2",
              "default": true
            }
          ],
          "store_path": "/nix/store/m0i011xhj6bs24vc011rvkk6453yn695-bruno-cli-3.0.2"
        },
        "x86_64-linux": {
          "outputs": [
            {
              "name": "out",
              "path": "/nix/store/q1g5q00m37nqi9f6339csmvwc8n52f7g-bruno-cli-3.0.2",
              "default": true
            }
          ],
          "store_path": "/nix/store/q1g5q00m37nqi9f6339csmvwc8n52f7g-bruno-cli-3.0.2"
        }
      }
    },
    "firebase-tools@14.27.0": {
      "last_modified": "2025-12-09T08:49:39Z",
      "resolved": "github:NixOS/nixpkgs/677fbe97984e7af3175b6c121f3c39ee5c8d62c9#firebase-tools",
      "source": "devbox-search",
      "version": "14.27.0",
      "systems": {
        "aarch64-darwin": {
          "outputs": [
            {
              "name": "out",
              "path": "/nix/store/lik4kg99vwvzajlbj51ybwckkh32af6m-firebase-tools-14.27.0",
              "default": true
            }
          ],
          "store_path": "/nix/store/lik4kg99vwvzajlbj51ybwckkh32af6m-firebase-tools-14.27.0"
        },
        "aarch64-linux": {
          "outputs": [
            {
              "name": "out",
              "path": "/nix/store/x1zf04ga5c24d4mhvc8dhzql8mm162p7-firebase-tools-14.27.0",
              "default": true
            }
          ],
          "store_path": "/nix/store/x1zf04ga5c24d4mhvc8dhzql8mm162p7-firebase-tools-14.27.0"
        },
        "x86_64-darwin": {
          "outputs": [
            {
              "name": "out",
              "path": "/nix/store/cx6yssxq92rz1hphq58y19mvfl7d00ar-firebase-tools-14.27.0",
              "default": true
            }
          ],
          "store_path": "/nix/store/cx6yssxq92rz1hphq58y19mvfl7d00ar-firebase-tools-14.27.0"
        },
        "x86_64-linux": {
          "outputs": [
            {
              "name": "out",
              "path": "/nix/store/hzyjibb7s04ni71h6ll5xr80dfgacnb2-firebase-tools-14.27.0",
              "default": true
            }
          ],
          "store_path": "/nix/store/hzyjibb7s04ni71h6ll5xr80dfgacnb2-firebase-tools-14.27.0"
        }
      }
    },
    "github:NixOS/nixpkgs/nixpkgs-unstable": {
      "last_modified": "2026-02-08T07:51:33Z",
      "resolved": "github:NixOS/nixpkgs/fef9403a3e4d31b0a23f0bacebbec52c248fbb51?lastModified=1770537093&narHash=sha256-pF1quXG5wsgtyuPOHcLfYg%2Fft%2FQMr8NnX0i6tW2187s%3D"
    },
    "google-cloud-sdk@latest": {
      "last_modified": "2026-02-04T01:49:30Z",
      "resolved": "github:NixOS/nixpkgs/aa290c9891fa4ebe88f8889e59633d20cc06a5f2#google-cloud-sdk",
      "source": "devbox-search",
      "version": "552.0.0",
      "systems": {
        "aarch64-darwin": {
          "outputs": [
            {
              "name": "out",
              "path": "/nix/store/8d8crpn5vkhz4yrzifvf2yh1pvmiq1d4-google-cloud-sdk-552.0.0",
              "default": true
            }
          ],
          "store_path": "/nix/store/8d8crpn5vkhz4yrzifvf2yh1pvmiq1d4-google-cloud-sdk-552.0.0"
        },
        "aarch64-linux": {
          "outputs": [
            {
              "name": "out",
              "path": "/nix/store/h9jpvqmyg33b8b8378f8qf2h3av8wwmm-google-cloud-sdk-552.0.0",
              "default": true
            }
          ],
          "store_path": "/nix/store/h9jpvqmyg33b8b8378f8qf2h3av8wwmm-google-cloud-sdk-552.0.0"
        },
        "x86_64-darwin": {
          "outputs": [
            {
              "name": "out",
              "path": "/nix/store/v7zj255khs62bm52hh2rvihc71gq1kyh-google-cloud-sdk-552.0.0",
              "default": true
            }
          ],
          "store_path": "/nix/store/v7zj255khs62bm52hh2rvihc71gq1kyh-google-cloud-sdk-552.0.0"
        },
        "x86_64-linux": {
          "outputs": [
            {
              "name": "out",
              "path": "/nix/store/04cm7ghf9ngxlzamzlv2yv93y2zmjv5k-google-cloud-sdk-552.0.0",
              "default": true
            }
          ],
          "store_path": "/nix/store/04cm7ghf9ngxlzamzlv2yv93y2zmjv5k-google-cloud-sdk-552.0.0"
        }
      }
    },
    "jdk21@latest": {
      "last_modified": "2024-06-12T20:55:33Z",
      "resolved": "github:NixOS/nixpkgs/a9858885e197f984d92d7fe64e9fff6b2e488d40#jdk",
      "source": "devbox-search",
      "version": "21+35",
      "systems": {
        "aarch64-linux": {
          "outputs": [
            {
              "name": "out",
              "path": "/nix/store/f7risq9mlz4gywxr65v46h4mv1a4a0s3-openjdk-21+35",
              "default": true
            },
            {
              "name": "debug",
              "path": "/nix/store/lgljxsffciqlijp38iklrh1ki5vi0y4f-openjdk-21+35-debug"
            }
          ],
          "store_path": "/nix/store/f7risq9mlz4gywxr65v46h4mv1a4a0s3-openjdk-21+35"
        },
        "x86_64-linux": {
          "outputs": [
            {
              "name": "out",
              "path": "/nix/store/bk3x3ia7gxqic1jgr3dz05gwi8zw671y-openjdk-21+35",
              "default": true
            },
            {
              "name": "debug",
              "path": "/nix/store/2h6zm6qy04amw9mvir8n5fifn99dzg16-openjdk-21+35-debug"
            }
          ],
          "store_path": "/nix/store/bk3x3ia7gxqic1jgr3dz05gwi8zw671y-openjdk-21+35"
        }
      }
    },
    "maven@latest": {
      "last_modified": "2026-01-23T17:20:52Z",
      "resolved": "github:NixOS/nixpkgs/a1bab9e494f5f4939442a57a58d0449a109593fe#maven",
      "source": "devbox-search",
      "version": "3.9.12",
      "systems": {
        "aarch64-darwin": {
          "outputs": [
            {
              "name": "out",
              "path": "/nix/store/k9sgk3q1306si2jz1xfl9apd1v1r6md8-maven-3.9.12",
              "default": true
            }
          ],
          "store_path": "/nix/store/k9sgk3q1306si2jz1xfl9apd1v1r6md8-maven-3.9.12"
        },
        "aarch64-linux": {
          "outputs": [
            {
              "name": "out",
              "path": "/nix/store/rv85ra1bqqy2zq99a1x06ri24rwzpb8j-maven-3.9.12",
              "default": true
            }
          ],
          "store_path": "/nix/store/rv85ra1bqqy2zq99a1x06ri24rwzpb8j-maven-3.9.12"
        },
        "x86_64-darwin": {
          "outputs": [
            {
              "name": "out",
              "path": "/nix/store/a6wv4w68bsp3znbgqdnnxxkmhcba4d5h-maven-3.9.12",
              "default": true
            }
          ],
          "store_path": "/nix/store/a6wv4w68bsp3znbgqdnnxxkmhcba4d5h-maven-3.9.12"
        },
        "x86_64-linux": {
          "outputs": [
            {
              "name": "out",
              "path": "/nix/store/qfg0cblwp966vjrzqcyrzq5hjffifbvb-maven-3.9.12",
              "default": true
            }
          ],
          "store_path": "/nix/store/qfg0cblwp966vjrzqcyrzq5hjffifbvb-maven-3.9.12"
        }
      }
    },
    "nodejs@22": {
      "last_modified": "2026-02-06T12:24:04Z",
      "plugin_version": "0.0.2",
      "resolved": "github:NixOS/nixpkgs/ae67888ff7ef9dff69b3cf0cc0fbfbcd3a722abe#nodejs_22",
      "source": "devbox-search",
      "version": "22.22.0",
      "systems": {
        "aarch64-darwin": {
          "outputs": [
            {
              "name": "out",
              "path": "/nix/store/zphm4748w514z6p9g073f673sjl338gm-nodejs-22.22.0",
              "default": true
            },
            {
              "name": "dev",
              "path": "/nix/store/pp6k9i2dpr8rimfl5dhrpm8y2384g8l3-nodejs-22.22.0-dev"
            },
            {
              "name": "libv8",
              "path": "/nix/store/f5mnrbcj44qx8pb0xj9g71cb0ffxrmd0-nodejs-22.22.0-libv8"
            }
          ],
          "store_path": "/nix/store/zphm4748w514z6p9g073f673sjl338gm-nodejs-22.22.0"
        },
        "aarch64-linux": {
          "outputs": [
            {
              "name": "out",
              "path": "/nix/store/2hzivwi1fq7gyn42nxf1299ydza2qvqq-nodejs-22.22.0",
              "default": true
            },
            {
              "name": "libv8",
              "path": "/nix/store/xl8f6lq0p5lf1dixhd9rhxzkvx4lzpzl-nodejs-22.22.0-libv8"
            },
            {
              "name": "dev",
              "path": "/nix/store/4m4b63ix1kljgcap8zhbpiy4xvg90n1r-nodejs-22.22.0-dev"
            }
          ],
          "store_path": "/nix/store/2hzivwi1fq7gyn42nxf1299ydza2qvqq-nodejs-22.22.0"
        },
        "x86_64-darwin": {
          "outputs": [
            {
              "name": "out",
              "path": "/nix/store/2jw64xbn385nrg0dkinyxy1dk57zib21-nodejs-22.22.0",
              "default": true
            },
            {
              "name": "libv8",
              "path": "/nix/store/q81bvbbawxkm3kb741x4wmxvyyxd8w51-nodejs-22.22.0-libv8"
            },
            {
              "name": "dev",
              "path": "/nix/store/vaq9lp4bchqhvfbfjws5rx2qwx6m57pn-nodejs-22.22.0-dev"
            }
          ],
          "store_path": "/nix/store/2jw64xbn385nrg0dkinyxy1dk57zib21-nodejs-22.22.0"
        },
        "x86_64-linux": {
          "outputs": [
            {
              "name": "out",
              "path": "/nix/store/cv3yxgf7zp70wk8d8lg5zi84lg35nyxs-nodejs-22.22.0",
              "default": true
            },
            {
              "name": "dev",
              "path": "/nix/store/azkh9xkfaphcs7cj5l43rh4a92zjc510-nodejs-22.22.0-dev"
            },
            {
              "name": "libv8",
              "path": "/nix/store/vzddff6gppvny62qsvr1sgqq629laz12-nodejs-22.22.0-libv8"
            }
          ],
          "store_path": "/nix/store/cv3yxgf7zp70wk8d8lg5zi84lg35nyxs-nodejs-22.22.0"
        }
      }
    },
    "process-compose@latest": {
      "last_modified": "2026-02-02T23:09:17Z",
      "resolved": "github:NixOS/nixpkgs/47472570b1e607482890801aeaf29bfb749884f6#process-compose",
      "source": "devbox-search",
      "version": "1.90.0",
      "systems": {
        "aarch64-darwin": {
          "outputs": [
            {
              "name": "out",
              "path": "/nix/store/ky986spyv6sfijb1k44hddla7hvi56lp-process-compose-1.90.0",
              "default": true
            }
          ],
          "store_path": "/nix/store/ky986spyv6sfijb1k44hddla7hvi56lp-process-compose-1.90.0"
        },
        "aarch64-linux": {
          "outputs": [
            {
              "name": "out",
              "path": "/nix/store/iqx95vl5dwkrsfcf4mj2643bfisyj1ff-process-compose-1.90.0",
              "default": true
            }
          ],
          "store_path": "/nix/store/iqx95vl5dwkrsfcf4mj2643bfisyj1ff-process-compose-1.90.0"
        },
        "x86_64-darwin": {
          "outputs": [
            {
              "name": "out",
              "path": "/nix/store/fki23dffy7nzlma507q5lhf3dkm5l6wv-process-compose-1.90.0",
              "default": true
            }
          ],
          "store_path": "/nix/store/fki23dffy7nzlma507q5lhf3dkm5l6wv-process-compose-1.90.0"
        },
        "x86_64-linux": {
          "outputs": [
            {
              "name": "out",
              "path": "/nix/store/c7fywarscr5c07bxgd6d5g0isn0ijysz-process-compose-1.90.0",
              "default": true
            }
          ],
          "store_path": "/nix/store/c7fywarscr5c07bxgd6d5g0isn0ijysz-process-compose-1.90.0"
        }
      }
    },
    "python314Packages.pip@latest": {
      "last_modified": "2026-01-23T17:20:52Z",
      "resolved": "github:NixOS/nixpkgs/a1bab9e494f5f4939442a57a58d0449a109593fe#python314Packages.pip",
      "source": "devbox-search",
      "version": "25.3",
      "systems": {
        "aarch64-darwin": {
          "outputs": [
            {
              "name": "out",
              "path": "/nix/store/i5bvx5c65pyid4lkhbdlz6gbkhq4ap1l-python3.14-pip-25.3",
              "default": true
            },
            {
              "name": "man",
              "path": "/nix/store/9fh235jldxar3yhk2l2qrrvyhwxc1rgz-python3.14-pip-25.3-man",
              "default": true
            },
            {
              "name": "dist",
              "path": "/nix/store/035vlli7j7n21zi8ajjxmarmmzpky4pb-python3.14-pip-25.3-dist"
            }
          ],
          "store_path": "/nix/store/i5bvx5c65pyid4lkhbdlz6gbkhq4ap1l-python3.14-pip-25.3"
        },
        "aarch64-linux": {
          "outputs": [
            {
              "name": "out",
              "path": "/nix/store/331m51mc13qxrfvgna91xzy0pv9dba1q-python3.14-pip-25.3",
              "default": true
            },
            {
              "name": "man",
              "path": "/nix/store/b8msyck1i4w5r9dmjwprms7092yskziq-python3.14-pip-25.3-man",
              "default": true
            },
            {
              "name": "dist",
              "path": "/nix/store/sjybvdxdrzsimldjfc18ns4yy2p5ijbn-python3.14-pip-25.3-dist"
            }
          ],
          "store_path": "/nix/store/331m51mc13qxrfvgna91xzy0pv9dba1q-python3.14-pip-25.3"
        },
        "x86_64-darwin": {
          "outputs": [
            {
              "name": "out",
              "path": "/nix/store/y7ssxlkd9rbl2ynrc06hxi84hw7f2wn5-python3.14-pip-25.3",
              "default": true
            },
            {
              "name": "man",
              "path": "/nix/store/1wqh7rcax8csm71675wkpgq15fg01i5k-python3.14-pip-25.3-man",
              "default": true
            },
            {
              "name": "dist",
              "path": "/nix/store/64317pswbrqjm8a0cr7zx2lnrdmb49wj-python3.14-pip-25.3-dist"
            }
          ],
          "store_path": "/nix/store/y7ssxlkd9rbl2ynrc06hxi84hw7f2wn5-python3.14-pip-25.3"
        },
        "x86_64-linux": {
          "outputs": [
            {
              "name": "out",
              "path": "/nix/store/zj0wzy5ga7h4arwh5iy6cvnr9lwlal6c-python3.14-pip-25.3",
              "default": true
            },
            {
              "name": "man",
              "path": "/nix/store/hway1fnhzpq8hzkn5fmz6wwdrn2fcqfb-python3.14-pip-25.3-man",
              "default": true
            },
            {
              "name": "dist",
              "path": "/nix/store/1f2a9sxbs0xzxd37fwsfi76wzh2hma6k-python3.14-pip-25.3-dist"
            }
          ],
          "store_path": "/nix/store/zj0wzy5ga7h4arwh5iy6cvnr9lwlal6c-python3.14-pip-25.3"
        }
      }
    },
    "python@3.14": {
      "last_modified": "2026-01-23T17:20:52Z",
      "plugin_version": "0.0.4",
      "resolved": "github:NixOS/nixpkgs/a1bab9e494f5f4939442a57a58d0449a109593fe#python314",
      "source": "devbox-search",
      "version": "3.14.2",
      "systems": {
        "aarch64-darwin": {
          "outputs": [
            {
              "name": "out",
              "path": "/nix/store/8bwmgvfcyys3kfia055ih7gask3fid7s-python3-3.14.2",
              "default": true
            }
          ],
          "store_path": "/nix/store/8bwmgvfcyys3kfia055ih7gask3fid7s-python3-3.14.2"
        },
        "aarch64-linux": {
          "outputs": [
            {
              "name": "out",
              "path": "/nix/store/9zj2a40gbfh9scynfmfs1s9wx2q01yv3-python3-3.14.2",
              "default": true
            },
            {
              "name": "debug",
              "path": "/nix/store/j8ryg1l3z8ibf9rn848y1vll0f0wcab7-python3-3.14.2-debug"
            }
          ],
          "store_path": "/nix/store/9zj2a40gbfh9scynfmfs1s9wx2q01yv3-python3-3.14.2"
        },
        "x86_64-darwin": {
          "outputs": [
            {
              "name": "out",
              "path": "/nix/store/0mnhsagxg8cp6cr9g0fz2dihw469ih8s-python3-3.14.2",
              "default": true
            }
          ],
          "store_path": "/nix/store/0mnhsagxg8cp6cr9g0fz2dihw469ih8s-python3-3.14.2"
        },
        "x86_64-linux": {
          "outputs": [
            {
              "name": "out",
              "path": "/nix/store/hd3h6gjpy7pf5himwf8sfqb3108pz5ld-python3-3.14.2",
              "default": true
            },
            {
              "name": "debug",
              "path": "/nix/store/2wvc4f32yycchbip56mlxixjm2sdzw2y-python3-3.14.2-debug"
            }
          ],
          "store_path": "/nix/store/hd3h6gjpy7pf5himwf8sfqb3108pz5ld-python3-3.14.2"
        }
      }
    },
    "quarkus@latest": {
      "last_modified": "2026-02-03T08:29:05Z",
      "resolved": "github:NixOS/nixpkgs/4533d9293756b63904b7238acb84ac8fe4c8c2c4#quarkus",
      "source": "devbox-search",
      "version": "3.31.1",
      "systems": {
        "aarch64-darwin": {
          "outputs": [
            {
              "name": "out",
              "path": "/nix/store/w0avsacdakyrq1v1y1sil2anqs60x6bk-quarkus-cli-3.31.1",
              "default": true
            }
          ],
          "store_path": "/nix/store/w0avsacdakyrq1v1y1sil2anqs60x6bk-quarkus-cli-3.31.1"
        },
        "aarch64-linux": {
          "outputs": [
            {
              "name": "out",
              "path": "/nix/store/0k7n8h0dyab7gkbhd6iisz4xv22bzm2l-quarkus-cli-3.31.1",
              "default": true
            }
          ],
          "store_path": "/nix/store/0k7n8h0dyab7gkbhd6iisz4xv22bzm2l-quarkus-cli-3.31.1"
        },
        "x86_64-darwin": {
          "outputs": [
            {
              "name": "out",
              "path": "/nix/store/sgw7hbkhjvak34zdk0hqf89r9nsbh1d9-quarkus-cli-3.31.1",
              "default": true
            }
          ],
          "store_path": "/nix/store/sgw7hbkhjvak34zdk0hqf89r9nsbh1d9-quarkus-cli-3.31.1"
        },
        "x86_64-linux": {
          "outputs": [
            {
              "name": "out",
              "path": "/nix/store/c1x63pkryas4k9l9wmswnslcfjkys1wx-quarkus-cli-3.31.1",
              "default": true
            }
          ],
          "store_path": "/nix/store/c1x63pkryas4k9l9wmswnslcfjkys1wx-quarkus-cli-3.31.1"
        }
      }
    }
  }
}
