{
  "name": "benefit-decision-toolkit",
  "lockfileVersion": 3,
  "requires": true,
  "packages": {
    "": {
      "dependencies": {
        "@fontsource/open-sans": "^5.2.7",
        "@fontsource/ramaraja": "^5.2.8"
      }
    },
    "node_modules/@fontsource/open-sans": {
      "version": "5.2.7",
      "resolved": "https://registry.npmjs.org/@fontsource/open-sans/-/open-sans-5.2.7.tgz",
      "integrity": "sha512-8yfgDYjE5O0vmTPdrcjV35y4yMnctsokmi9gN49Gcsr0sjzkMkR97AnKDe6OqZh2SFkYlR28fxOvi21bYEgMSw==",
      "license": "OFL-1.1",
      "funding": {
        "url": "https://github.com/sponsors/ayuhito"
      }
    },
    "node_modules/@fontsource/ramaraja": {
      "version": "5.2.8",
      "resolved": "https://registry.npmjs.org/@fontsource/ramaraja/-/ramaraja-5.2.8.tgz",
      "integrity": "sha512-MIrLpCbfo+L750CnkLmvkV/UKbvOXLfliPCDDHgolliTbryL7UqRRSq32UdxfAXGisSRrzq82zVNTdwljA0Mxw==",
      "license": "OFL-1.1",
      "funding": {
        "url": "https://github.com/sponsors/ayuhito"
      }
    }
  }
}
